{
  "version": 4,
  "terraform_version": "1.4.6",
  "serial": 4,
  "lineage": "0d60d1d7-4b83-9c9c-55ba-ad5bf61f0179",
  "outputs": {},
  "resources": [
    {
      "mode": "managed",
      "type": "aws_key_pair",
      "name": "key_pair_ec2_instance",
      "provider": "provider[\"registry.terraform.io/hashicorp/aws\"]",
      "instances": [
        {
          "schema_version": 1,
          "attributes": {
            "arn": "arn:aws:ec2:us-east-1:311489129912:key-pair/key_pair_IAC",
            "fingerprint": "01:75:c6:a4:af:50:4f:75:b3:70:5e:8b:5f:91:7e:0a",
            "id": "key_pair_IAC",
            "key_name": "key_pair_IAC",
            "key_name_prefix": "",
            "key_pair_id": "key-0e9350d249871aac6",
            "key_type": "rsa",
            "public_key": "ssh-rsa AAAAB3NzaC1yc2EAAAADAQABAAABgQCzAcYR7jXYzYotqVe4bQKEoq5wvh/1Zw0LEKSBmK2VqGmiJylsao81bCo9czUzcYVz8GzCBf31834LGx76Aq1wqbrokTWtCc/ZdIS2Gf7mXyvx/Y5Rl3JNbyqlvE5LQ8BiMR/k38pB/Y3UtHK7NvZ3tiaoqJiJretlblUTRk+UNP7QZ7uMLjWE8VughT3GHPFuYdOKKc7C4FaQv+dgSvE/ubnuxRWxmS0znt1+QQssyw8JdJeXbhf0bL+9km1m2VZkw2B+72Sly+SWNUXiSTF1FJb/hNOlauLfpmwb2ltL1RHMLYd0mLhhw6Tib2k9pcEt6LOH9FdgZGMJ9gGy8lsm6W3KYKingb4IHg5BAURlUKE1T8ksfen3pHVBwcMzkJneGlKNRIvFwUKFY8DyWe0HUsmKCYJkafXRfXox0W7KhU6fpEuUOI3+tvVLNJ1Mwj7os2fiL27h0NY8PouirUMF5VPsenNzPlNsfov5Zi/U8lr0dxLubs2TZWY85vHMb+k= dioge@DESKTOP-KNVCBQI",
            "tags": {
              "Name": "ec2_instance_iac.kp.diogenes@gmail.com"
            },
            "tags_all": {
              "Environmente": "dev",
              "Name": "ec2_instance_iac.kp.diogenes@gmail.com"
            }
          },
          "sensitive_attributes": [],
          "private": "eyJzY2hlbWFfdmVyc2lvbiI6IjEifQ=="
        }
      ]
    },
    {
      "mode": "managed",
      "type": "aws_security_group",
      "name": "sg_to_ec2_instance",
      "provider": "provider[\"registry.terraform.io/hashicorp/aws\"]",
      "instances": [
        {
          "schema_version": 1,
          "attributes": {
            "arn": "arn:aws:ec2:us-east-1:311489129912:security-group/sg-0799678b746549206",
            "description": "Generate security group to EC2 Instance",
            "egress": [
              {
                "cidr_blocks": [
                  "0.0.0.0/0"
                ],
                "description": "",
                "from_port": 0,
                "ipv6_cidr_blocks": [
                  "::/0"
                ],
                "prefix_list_ids": [],
                "protocol": "-1",
                "security_groups": [],
                "self": false,
                "to_port": 0
              }
            ],
            "id": "sg-0799678b746549206",
            "ingress": [
              {
                "cidr_blocks": [
                  "0.0.0.0/0"
                ],
                "description": "TLS from VPC",
                "from_port": 443,
                "ipv6_cidr_blocks": [],
                "prefix_list_ids": [],
                "protocol": "tcp",
                "security_groups": [],
                "self": false,
                "to_port": 443
              }
            ],
            "name": "ec2_instance_iac",
            "name_prefix": "",
            "owner_id": "311489129912",
            "revoke_rules_on_delete": false,
            "tags": {
              "Name": "ec2_instance_iac.sg.diogenes@gmail.com"
            },
            "tags_all": {
              "Environmente": "dev",
              "Name": "ec2_instance_iac.sg.diogenes@gmail.com"
            },
            "timeouts": null,
            "vpc_id": "vpc-00355bd1870c0d3b6"
          },
          "sensitive_attributes": [],
          "private": "eyJlMmJmYjczMC1lY2FhLTExZTYtOGY4OC0zNDM2M2JjN2M0YzAiOnsiY3JlYXRlIjo2MDAwMDAwMDAwMDAsImRlbGV0ZSI6OTAwMDAwMDAwMDAwfSwic2NoZW1hX3ZlcnNpb24iOiIxIn0="
        }
      ]
    },
    {
      "module": "module.ec2_instance",
      "mode": "data",
      "type": "aws_partition",
      "name": "current",
      "provider": "provider[\"registry.terraform.io/hashicorp/aws\"]",
      "instances": [
        {
          "schema_version": 0,
          "attributes": {
            "dns_suffix": "amazonaws.com",
            "id": "aws",
            "partition": "aws",
            "reverse_dns_prefix": "com.amazonaws"
          },
          "sensitive_attributes": []
        }
      ]
    },
    {
      "module": "module.ec2_instance",
      "mode": "data",
      "type": "aws_ssm_parameter",
      "name": "this",
      "provider": "provider[\"registry.terraform.io/hashicorp/aws\"]",
      "instances": [
        {
          "index_key": 0,
          "schema_version": 0,
          "attributes": {
            "arn": "arn:aws:ssm:us-east-1::parameter/aws/service/ami-amazon-linux-latest/amzn2-ami-hvm-x86_64-gp2",
            "id": "/aws/service/ami-amazon-linux-latest/amzn2-ami-hvm-x86_64-gp2",
            "name": "/aws/service/ami-amazon-linux-latest/amzn2-ami-hvm-x86_64-gp2",
            "type": "String",
            "value": "ami-0806bc468ce3a22ec",
            "version": 87,
            "with_decryption": true
          },
          "sensitive_attributes": []
        }
      ]
    },
    {
      "module": "module.ec2_instance",
      "mode": "managed",
      "type": "aws_instance",
      "name": "this",
      "provider": "provider[\"registry.terraform.io/hashicorp/aws\"]",
      "instances": [
        {
          "index_key": 0,
          "schema_version": 1,
          "attributes": {
            "ami": "ami-0806bc468ce3a22ec",
            "arn": "arn:aws:ec2:us-east-1:311489129912:instance/i-0ed5aa1b01be1a137",
            "associate_public_ip_address": true,
            "availability_zone": "us-east-1a",
            "capacity_reservation_specification": [
              {
                "capacity_reservation_preference": "open",
                "capacity_reservation_target": []
              }
            ],
            "cpu_core_count": 1,
            "cpu_options": [
              {
                "amd_sev_snp": "",
                "core_count": 1,
                "threads_per_core": 1
              }
            ],
            "cpu_threads_per_core": 1,
            "credit_specification": [
              {
                "cpu_credits": "standard"
              }
            ],
            "disable_api_stop": false,
            "disable_api_termination": false,
            "ebs_block_device": [],
            "ebs_optimized": false,
            "enclave_options": [
              {
                "enabled": false
              }
            ],
            "ephemeral_block_device": [],
            "get_password_data": false,
            "hibernation": false,
            "host_id": "",
            "host_resource_group_arn": null,
            "iam_instance_profile": "",
            "id": "i-0ed5aa1b01be1a137",
            "instance_initiated_shutdown_behavior": "stop",
            "instance_state": "running",
            "instance_type": "t2.micro",
            "ipv6_address_count": 0,
            "ipv6_addresses": [],
            "key_name": "key_pair_IAC",
            "launch_template": [],
            "maintenance_options": [
              {
                "auto_recovery": "default"
              }
            ],
            "metadata_options": [
              {
                "http_endpoint": "enabled",
                "http_put_response_hop_limit": 1,
                "http_tokens": "optional",
                "instance_metadata_tags": "disabled"
              }
            ],
            "monitoring": false,
            "network_interface": [],
            "outpost_arn": "",
            "password_data": "",
            "placement_group": "",
            "placement_partition_number": 0,
            "primary_network_interface_id": "eni-0e1242d3cdee9425a",
            "private_dns": "ip-172-31-15-234.ec2.internal",
            "private_dns_name_options": [
              {
                "enable_resource_name_dns_a_record": false,
                "enable_resource_name_dns_aaaa_record": false,
                "hostname_type": "ip-name"
              }
            ],
            "private_ip": "172.31.15.234",
            "public_dns": "ec2-44-193-84-252.compute-1.amazonaws.com",
            "public_ip": "44.193.84.252",
            "root_block_device": [
              {
                "delete_on_termination": true,
                "device_name": "/dev/xvda",
                "encrypted": false,
                "iops": 100,
                "kms_key_id": "",
                "tags": {},
                "throughput": 0,
                "volume_id": "vol-06e42d7bf27d892c7",
                "volume_size": 8,
                "volume_type": "gp2"
              }
            ],
            "secondary_private_ips": [],
            "security_groups": [
              "ec2_instance_iac"
            ],
            "source_dest_check": true,
            "subnet_id": "subnet-04627c89fe3034bbf",
            "tags": {
              "Name": "ec2_instance_iac.ec2.diogenes@gmail.com"
            },
            "tags_all": {
              "Environmente": "dev",
              "Name": "ec2_instance_iac.ec2.diogenes@gmail.com"
            },
            "tenancy": "default",
            "timeouts": {
              "create": null,
              "delete": null,
              "update": null
            },
            "user_data": null,
            "user_data_base64": null,
            "user_data_replace_on_change": false,
            "volume_tags": {
              "Name": "ec2_instance_iac"
            },
            "vpc_security_group_ids": [
              "sg-0799678b746549206"
            ]
          },
          "sensitive_attributes": [],
          "private": "eyJlMmJmYjczMC1lY2FhLTExZTYtOGY4OC0zNDM2M2JjN2M0YzAiOnsiY3JlYXRlIjo2MDAwMDAwMDAwMDAsImRlbGV0ZSI6MTIwMDAwMDAwMDAwMCwidXBkYXRlIjo2MDAwMDAwMDAwMDB9LCJzY2hlbWFfdmVyc2lvbiI6IjEifQ==",
          "dependencies": [
            "aws_key_pair.key_pair_ec2_instance",
            "aws_security_group.sg_to_ec2_instance",
            "module.ec2_instance.aws_iam_instance_profile.this",
            "module.ec2_instance.data.aws_ssm_parameter.this"
          ]
        }
      ]
    }
  ],
  "check_results": null
}
